// !$*UTF8*$!
{
	archiveVersion = 1;
	classes = {
	};
	objectVersion = 46;
	objects = {

/* Begin PBXBuildFile section */
		93B4AE231E016BAB00EE623C /* AppDelegate.swift in Sources */ = {isa = PBXBuildFile; fileRef = 93B4AE221E016BAB00EE623C /* AppDelegate.swift */; };
		93B4AE281E016BAB00EE623C /* Main.storyboard in Resources */ = {isa = PBXBuildFile; fileRef = 93B4AE261E016BAB00EE623C /* Main.storyboard */; };
		93B4AE2A1E016BAB00EE623C /* Assets.xcassets in Resources */ = {isa = PBXBuildFile; fileRef = 93B4AE291E016BAB00EE623C /* Assets.xcassets */; };
		93B4AE2D1E016BAB00EE623C /* LaunchScreen.storyboard in Resources */ = {isa = PBXBuildFile; fileRef = 93B4AE2B1E016BAB00EE623C /* LaunchScreen.storyboard */; };
		93B4AE381E016BAB00EE623C /* TacoPOPTests.swift in Sources */ = {isa = PBXBuildFile; fileRef = 93B4AE371E016BAB00EE623C /* TacoPOPTests.swift */; };
		93B4AE491E016EA900EE623C /* MainVC.swift in Sources */ = {isa = PBXBuildFile; fileRef = 93B4AE481E016EA900EE623C /* MainVC.swift */; };
		93B4AE4B1E01779600EE623C /* DropShadow.swift in Sources */ = {isa = PBXBuildFile; fileRef = 93B4AE4A1E01779600EE623C /* DropShadow.swift */; };
		93B4AE4D1E01798700EE623C /* HeaderView.swift in Sources */ = {isa = PBXBuildFile; fileRef = 93B4AE4C1E01798700EE623C /* HeaderView.swift */; };
		93B4AE4F1E017FB200EE623C /* Taco.swift in Sources */ = {isa = PBXBuildFile; fileRef = 93B4AE4E1E017FB200EE623C /* Taco.swift */; };
		93B4AE511E01866900EE623C /* DataService.swift in Sources */ = {isa = PBXBuildFile; fileRef = 93B4AE501E01866900EE623C /* DataService.swift */; };
		93B4AE541E0190BB00EE623C /* TacoCell.swift in Sources */ = {isa = PBXBuildFile; fileRef = 93B4AE521E0190BB00EE623C /* TacoCell.swift */; };
		93B4AE551E0190BB00EE623C /* TacoCell.xib in Resources */ = {isa = PBXBuildFile; fileRef = 93B4AE531E0190BB00EE623C /* TacoCell.xib */; };
		93B4AE571E019C1C00EE623C /* ReusableView.swift in Sources */ = {isa = PBXBuildFile; fileRef = 93B4AE561E019C1C00EE623C /* ReusableView.swift */; };
		93B4AE591E019CD600EE623C /* NibLoadableView.swift in Sources */ = {isa = PBXBuildFile; fileRef = 93B4AE581E019CD600EE623C /* NibLoadableView.swift */; };
		93B4AE5B1E019D5300EE623C /* UICollectionView+Ext.swift in Sources */ = {isa = PBXBuildFile; fileRef = 93B4AE5A1E019D5300EE623C /* UICollectionView+Ext.swift */; };
		93B4AE5D1E01A64600EE623C /* MutableCollection+Ext.swift in Sources */ = {isa = PBXBuildFile; fileRef = 93B4AE5C1E01A64600EE623C /* MutableCollection+Ext.swift */; };
		93B4AE5F1E01A7F000EE623C /* Shakeable.swift in Sources */ = {isa = PBXBuildFile; fileRef = 93B4AE5E1E01A7F000EE623C /* Shakeable.swift */; };
/* End PBXBuildFile section */

/* Begin PBXContainerItemProxy section */
		93B4AE341E016BAB00EE623C /* PBXContainerItemProxy */ = {
			isa = PBXContainerItemProxy;
			containerPortal = 93B4AE171E016BAA00EE623C /* Project object */;
			proxyType = 1;
			remoteGlobalIDString = 93B4AE1E1E016BAA00EE623C;
			remoteInfo = TacoPOP;
		};
/* End PBXContainerItemProxy section */

/* Begin PBXFileReference section */
		93B4AE1F1E016BAB00EE623C /* TacoPOP.app */ = {isa = PBXFileReference; explicitFileType = wrapper.application; includeInIndex = 0; path = TacoPOP.app; sourceTree = BUILT_PRODUCTS_DIR; };
		93B4AE221E016BAB00EE623C /* AppDelegate.swift */ = {isa = PBXFileReference; lastKnownFileType = sourcecode.swift; path = AppDelegate.swift; sourceTree = "<group>"; };
		93B4AE271E016BAB00EE623C /* Base */ = {isa = PBXFileReference; lastKnownFileType = file.storyboard; name = Base; path = Base.lproj/Main.storyboard; sourceTree = "<group>"; };
		93B4AE291E016BAB00EE623C /* Assets.xcassets */ = {isa = PBXFileReference; lastKnownFileType = folder.assetcatalog; path = Assets.xcassets; sourceTree = "<group>"; };
		93B4AE2C1E016BAB00EE623C /* Base */ = {isa = PBXFileReference; lastKnownFileType = file.storyboard; name = Base; path = Base.lproj/LaunchScreen.storyboard; sourceTree = "<group>"; };
		93B4AE2E1E016BAB00EE623C /* Info.plist */ = {isa = PBXFileReference; lastKnownFileType = text.plist.xml; path = Info.plist; sourceTree = "<group>"; };
		93B4AE331E016BAB00EE623C /* TacoPOPTests.xctest */ = {isa = PBXFileReference; explicitFileType = wrapper.cfbundle; includeInIndex = 0; path = TacoPOPTests.xctest; sourceTree = BUILT_PRODUCTS_DIR; };
		93B4AE371E016BAB00EE623C /* TacoPOPTests.swift */ = {isa = PBXFileReference; lastKnownFileType = sourcecode.swift; path = TacoPOPTests.swift; sourceTree = "<group>"; };
		93B4AE391E016BAB00EE623C /* Info.plist */ = {isa = PBXFileReference; lastKnownFileType = text.plist.xml; path = Info.plist; sourceTree = "<group>"; };
		93B4AE481E016EA900EE623C /* MainVC.swift */ = {isa = PBXFileReference; fileEncoding = 4; lastKnownFileType = sourcecode.swift; path = MainVC.swift; sourceTree = "<group>"; };
		93B4AE4A1E01779600EE623C /* DropShadow.swift */ = {isa = PBXFileReference; fileEncoding = 4; lastKnownFileType = sourcecode.swift; path = DropShadow.swift; sourceTree = "<group>"; };
		93B4AE4C1E01798700EE623C /* HeaderView.swift */ = {isa = PBXFileReference; fileEncoding = 4; lastKnownFileType = sourcecode.swift; path = HeaderView.swift; sourceTree = "<group>"; };
		93B4AE4E1E017FB200EE623C /* Taco.swift */ = {isa = PBXFileReference; fileEncoding = 4; lastKnownFileType = sourcecode.swift; path = Taco.swift; sourceTree = "<group>"; };
		93B4AE501E01866900EE623C /* DataService.swift */ = {isa = PBXFileReference; fileEncoding = 4; lastKnownFileType = sourcecode.swift; path = DataService.swift; sourceTree = "<group>"; };
		93B4AE521E0190BB00EE623C /* TacoCell.swift */ = {isa = PBXFileReference; fileEncoding = 4; lastKnownFileType = sourcecode.swift; path = TacoCell.swift; sourceTree = "<group>"; };
		93B4AE531E0190BB00EE623C /* TacoCell.xib */ = {isa = PBXFileReference; fileEncoding = 4; lastKnownFileType = file.xib; path = TacoCell.xib; sourceTree = "<group>"; };
		93B4AE561E019C1C00EE623C /* ReusableView.swift */ = {isa = PBXFileReference; fileEncoding = 4; lastKnownFileType = sourcecode.swift; path = ReusableView.swift; sourceTree = "<group>"; };
		93B4AE581E019CD600EE623C /* NibLoadableView.swift */ = {isa = PBXFileReference; fileEncoding = 4; lastKnownFileType = sourcecode.swift; path = NibLoadableView.swift; sourceTree = "<group>"; };
		93B4AE5A1E019D5300EE623C /* UICollectionView+Ext.swift */ = {isa = PBXFileReference; fileEncoding = 4; lastKnownFileType = sourcecode.swift; path = "UICollectionView+Ext.swift"; sourceTree = "<group>"; };
		93B4AE5C1E01A64600EE623C /* MutableCollection+Ext.swift */ = {isa = PBXFileReference; fileEncoding = 4; lastKnownFileType = sourcecode.swift; path = "MutableCollection+Ext.swift"; sourceTree = "<group>"; };
		93B4AE5E1E01A7F000EE623C /* Shakeable.swift */ = {isa = PBXFileReference; fileEncoding = 4; lastKnownFileType = sourcecode.swift; path = Shakeable.swift; sourceTree = "<group>"; };
/* End PBXFileReference section */

/* Begin PBXFrameworksBuildPhase section */
		93B4AE1C1E016BAA00EE623C /* Frameworks */ = {
			isa = PBXFrameworksBuildPhase;
			buildActionMask = 2147483647;
			files = (
			);
			runOnlyForDeploymentPostprocessing = 0;
		};
		93B4AE301E016BAB00EE623C /* Frameworks */ = {
			isa = PBXFrameworksBuildPhase;
			buildActionMask = 2147483647;
			files = (
			);
			runOnlyForDeploymentPostprocessing = 0;
		};
/* End PBXFrameworksBuildPhase section */

/* Begin PBXGroup section */
		93B4AE161E016BAA00EE623C = {
			isa = PBXGroup;
			children = (
				93B4AE211E016BAB00EE623C /* TacoPOP */,
				93B4AE361E016BAB00EE623C /* TacoPOPTests */,
				93B4AE201E016BAB00EE623C /* Products */,
			);
			sourceTree = "<group>";
		};
		93B4AE201E016BAB00EE623C /* Products */ = {
			isa = PBXGroup;
			children = (
				93B4AE1F1E016BAB00EE623C /* TacoPOP.app */,
				93B4AE331E016BAB00EE623C /* TacoPOPTests.xctest */,
			);
			name = Products;
			sourceTree = "<group>";
		};
		93B4AE211E016BAB00EE623C /* TacoPOP */ = {
			isa = PBXGroup;
			children = (
				93B4AE471E016DC900EE623C /* Extensions */,
				93B4AE461E016DB600EE623C /* Protocols */,
				93B4AE441E016D8000EE623C /* Model */,
				93B4AE431E016D7100EE623C /* View */,
				93B4AE421E016D5F00EE623C /* Controller */,
				93B4AE451E016D9500EE623C /* Resources */,
			);
			path = TacoPOP;
			sourceTree = "<group>";
		};
		93B4AE361E016BAB00EE623C /* TacoPOPTests */ = {
			isa = PBXGroup;
			children = (
				93B4AE371E016BAB00EE623C /* TacoPOPTests.swift */,
				93B4AE391E016BAB00EE623C /* Info.plist */,
			);
			path = TacoPOPTests;
			sourceTree = "<group>";
		};
		93B4AE421E016D5F00EE623C /* Controller */ = {
			isa = PBXGroup;
			children = (
				93B4AE221E016BAB00EE623C /* AppDelegate.swift */,
				93B4AE481E016EA900EE623C /* MainVC.swift */,
			);
			name = Controller;
			sourceTree = "<group>";
		};
		93B4AE431E016D7100EE623C /* View */ = {
			isa = PBXGroup;
			children = (
				93B4AE2B1E016BAB00EE623C /* LaunchScreen.storyboard */,
				93B4AE261E016BAB00EE623C /* Main.storyboard */,
				93B4AE4C1E01798700EE623C /* HeaderView.swift */,
				93B4AE521E0190BB00EE623C /* TacoCell.swift */,
				93B4AE531E0190BB00EE623C /* TacoCell.xib */,
			);
			name = View;
			sourceTree = "<group>";
		};
		93B4AE441E016D8000EE623C /* Model */ = {
			isa = PBXGroup;
			children = (
				93B4AE4E1E017FB200EE623C /* Taco.swift */,
				93B4AE501E01866900EE623C /* DataService.swift */,
			);
			name = Model;
			sourceTree = "<group>";
		};
		93B4AE451E016D9500EE623C /* Resources */ = {
			isa = PBXGroup;
			children = (
				93B4AE291E016BAB00EE623C /* Assets.xcassets */,
				93B4AE2E1E016BAB00EE623C /* Info.plist */,
			);
			name = Resources;
			sourceTree = "<group>";
		};
		93B4AE461E016DB600EE623C /* Protocols */ = {
			isa = PBXGroup;
			children = (
				93B4AE4A1E01779600EE623C /* DropShadow.swift */,
				93B4AE561E019C1C00EE623C /* ReusableView.swift */,
				93B4AE581E019CD600EE623C /* NibLoadableView.swift */,
				93B4AE5E1E01A7F000EE623C /* Shakeable.swift */,
			);
			name = Protocols;
			sourceTree = "<group>";
		};
		93B4AE471E016DC900EE623C /* Extensions */ = {
			isa = PBXGroup;
			children = (
				93B4AE5A1E019D5300EE623C /* UICollectionView+Ext.swift */,
				93B4AE5C1E01A64600EE623C /* MutableCollection+Ext.swift */,
			);
			name = Extensions;
			sourceTree = "<group>";
		};
/* End PBXGroup section */

/* Begin PBXNativeTarget section */
		93B4AE1E1E016BAA00EE623C /* TacoPOP */ = {
			isa = PBXNativeTarget;
			buildConfigurationList = 93B4AE3C1E016BAB00EE623C /* Build configuration list for PBXNativeTarget "TacoPOP" */;
			buildPhases = (
				93B4AE1B1E016BAA00EE623C /* Sources */,
				93B4AE1C1E016BAA00EE623C /* Frameworks */,
				93B4AE1D1E016BAA00EE623C /* Resources */,
			);
			buildRules = (
			);
			dependencies = (
			);
			name = TacoPOP;
			productName = TacoPOP;
			productReference = 93B4AE1F1E016BAB00EE623C /* TacoPOP.app */;
			productType = "com.apple.product-type.application";
		};
		93B4AE321E016BAB00EE623C /* TacoPOPTests */ = {
			isa = PBXNativeTarget;
			buildConfigurationList = 93B4AE3F1E016BAB00EE623C /* Build configuration list for PBXNativeTarget "TacoPOPTests" */;
			buildPhases = (
				93B4AE2F1E016BAB00EE623C /* Sources */,
				93B4AE301E016BAB00EE623C /* Frameworks */,
				93B4AE311E016BAB00EE623C /* Resources */,
			);
			buildRules = (
			);
			dependencies = (
				93B4AE351E016BAB00EE623C /* PBXTargetDependency */,
			);
			name = TacoPOPTests;
			productName = TacoPOPTests;
			productReference = 93B4AE331E016BAB00EE623C /* TacoPOPTests.xctest */;
			productType = "com.apple.product-type.bundle.unit-test";
		};
/* End PBXNativeTarget section */

/* Begin PBXProject section */
		93B4AE171E016BAA00EE623C /* Project object */ = {
			isa = PBXProject;
			attributes = {
				LastSwiftUpdateCheck = 0820;
				LastUpgradeCheck = 0820;
				ORGANIZATIONNAME = MarcBits;
				TargetAttributes = {
					93B4AE1E1E016BAA00EE623C = {
						CreatedOnToolsVersion = 8.2;
						ProvisioningStyle = Automatic;
					};
					93B4AE321E016BAB00EE623C = {
						CreatedOnToolsVersion = 8.2;
						ProvisioningStyle = Automatic;
						TestTargetID = 93B4AE1E1E016BAA00EE623C;
					};
				};
			};
			buildConfigurationList = 93B4AE1A1E016BAA00EE623C /* Build configuration list for PBXProject "TacoPOP" */;
			compatibilityVersion = "Xcode 3.2";
			developmentRegion = English;
			hasScannedForEncodings = 0;
			knownRegions = (
				en,
				Base,
			);
			mainGroup = 93B4AE161E016BAA00EE623C;
			productRefGroup = 93B4AE201E016BAB00EE623C /* Products */;
			projectDirPath = "";
			projectRoot = "";
			targets = (
				93B4AE1E1E016BAA00EE623C /* TacoPOP */,
				93B4AE321E016BAB00EE623C /* TacoPOPTests */,
			);
		};
/* End PBXProject section */

/* Begin PBXResourcesBuildPhase section */
		93B4AE1D1E016BAA00EE623C /* Resources */ = {
			isa = PBXResourcesBuildPhase;
			buildActionMask = 2147483647;
			files = (
				93B4AE551E0190BB00EE623C /* TacoCell.xib in Resources */,
				93B4AE2D1E016BAB00EE623C /* LaunchScreen.storyboard in Resources */,
				93B4AE2A1E016BAB00EE623C /* Assets.xcassets in Resources */,
				93B4AE281E016BAB00EE623C /* Main.storyboard in Resources */,
			);
			runOnlyForDeploymentPostprocessing = 0;
		};
		93B4AE311E016BAB00EE623C /* Resources */ = {
			isa = PBXResourcesBuildPhase;
			buildActionMask = 2147483647;
			files = (
			);
			runOnlyForDeploymentPostprocessing = 0;
		};
/* End PBXResourcesBuildPhase section */

/* Begin PBXSourcesBuildPhase section */
		93B4AE1B1E016BAA00EE623C /* Sources */ = {
			isa = PBXSourcesBuildPhase;
			buildActionMask = 2147483647;
			files = (
				93B4AE541E0190BB00EE623C /* TacoCell.swift in Sources */,
				93B4AE5D1E01A64600EE623C /* MutableCollection+Ext.swift in Sources */,
				93B4AE231E016BAB00EE623C /* AppDelegate.swift in Sources */,
				93B4AE4B1E01779600EE623C /* DropShadow.swift in Sources */,
				93B4AE591E019CD600EE623C /* NibLoadableView.swift in Sources */,
				93B4AE5B1E019D5300EE623C /* UICollectionView+Ext.swift in Sources */,
				93B4AE571E019C1C00EE623C /* ReusableView.swift in Sources */,
				93B4AE491E016EA900EE623C /* MainVC.swift in Sources */,
				93B4AE511E01866900EE623C /* DataService.swift in Sources */,
				93B4AE4F1E017FB200EE623C /* Taco.swift in Sources */,
				93B4AE5F1E01A7F000EE623C /* Shakeable.swift in Sources */,
				93B4AE4D1E01798700EE623C /* HeaderView.swift in Sources */,
			);
			runOnlyForDeploymentPostprocessing = 0;
		};
		93B4AE2F1E016BAB00EE623C /* Sources */ = {
			isa = PBXSourcesBuildPhase;
			buildActionMask = 2147483647;
			files = (
				93B4AE381E016BAB00EE623C /* TacoPOPTests.swift in Sources */,
			);
			runOnlyForDeploymentPostprocessing = 0;
		};
/* End PBXSourcesBuildPhase section */

/* Begin PBXTargetDependency section */
		93B4AE351E016BAB00EE623C /* PBXTargetDependency */ = {
			isa = PBXTargetDependency;
			target = 93B4AE1E1E016BAA00EE623C /* TacoPOP */;
			targetProxy = 93B4AE341E016BAB00EE623C /* PBXContainerItemProxy */;
		};
/* End PBXTargetDependency section */

/* Begin PBXVariantGroup section */
		93B4AE261E016BAB00EE623C /* Main.storyboard */ = {
			isa = PBXVariantGroup;
			children = (
				93B4AE271E016BAB00EE623C /* Base */,
			);
			name = Main.storyboard;
			sourceTree = "<group>";
		};
		93B4AE2B1E016BAB00EE623C /* LaunchScreen.storyboard */ = {
			isa = PBXVariantGroup;
			children = (
				93B4AE2C1E016BAB00EE623C /* Base */,
			);
			name = LaunchScreen.storyboard;
			sourceTree = "<group>";
		};
/* End PBXVariantGroup section */

/* Begin XCBuildConfiguration section */
		93B4AE3A1E016BAB00EE623C /* Debug */ = {
			isa = XCBuildConfiguration;
			buildSettings = {
				ALWAYS_SEARCH_USER_PATHS = NO;
				CLANG_ANALYZER_NONNULL = YES;
				CLANG_CXX_LANGUAGE_STANDARD = "gnu++0x";
				CLANG_CXX_LIBRARY = "libc++";
				CLANG_ENABLE_MODULES = YES;
				CLANG_ENABLE_OBJC_ARC = YES;
				CLANG_WARN_BOOL_CONVERSION = YES;
				CLANG_WARN_CONSTANT_CONVERSION = YES;
				CLANG_WARN_DIRECT_OBJC_ISA_USAGE = YES_ERROR;
				CLANG_WARN_DOCUMENTATION_COMMENTS = YES;
				CLANG_WARN_EMPTY_BODY = YES;
				CLANG_WARN_ENUM_CONVERSION = YES;
				CLANG_WARN_INFINITE_RECURSION = YES;
				CLANG_WARN_INT_CONVERSION = YES;
				CLANG_WARN_OBJC_ROOT_CLASS = YES_ERROR;
				CLANG_WARN_SUSPICIOUS_MOVE = YES;
				CLANG_WARN_UNREACHABLE_CODE = YES;
				CLANG_WARN__DUPLICATE_METHOD_MATCH = YES;
				"CODE_SIGN_IDENTITY[sdk=iphoneos*]" = "iPhone Developer";
				COPY_PHASE_STRIP = NO;
				DEBUG_INFORMATION_FORMAT = dwarf;
				ENABLE_STRICT_OBJC_MSGSEND = YES;
				ENABLE_TESTABILITY = YES;
				GCC_C_LANGUAGE_STANDARD = gnu99;
				GCC_DYNAMIC_NO_PIC = NO;
				GCC_NO_COMMON_BLOCKS = YES;
				GCC_OPTIMIZATION_LEVEL = 0;
				GCC_PREPROCESSOR_DEFINITIONS = (
					"DEBUG=1",
					"$(inherited)",
				);
				GCC_WARN_64_TO_32_BIT_CONVERSION = YES;
				GCC_WARN_ABOUT_RETURN_TYPE = YES_ERROR;
				GCC_WARN_UNDECLARED_SELECTOR = YES;
				GCC_WARN_UNINITIALIZED_AUTOS = YES_AGGRESSIVE;
				GCC_WARN_UNUSED_FUNCTION = YES;
				GCC_WARN_UNUSED_VARIABLE = YES;
				IPHONEOS_DEPLOYMENT_TARGET = 10.2;
				MTL_ENABLE_DEBUG_INFO = YES;
				ONLY_ACTIVE_ARCH = YES;
				SDKROOT = iphoneos;
				SWIFT_ACTIVE_COMPILATION_CONDITIONS = DEBUG;
				SWIFT_OPTIMIZATION_LEVEL = "-Onone";
			};
			name = Debug;
		};
		93B4AE3B1E016BAB00EE623C /* Release */ = {
			isa = XCBuildConfiguration;
			buildSettings = {
				ALWAYS_SEARCH_USER_PATHS = NO;
				CLANG_ANALYZER_NONNULL = YES;
				CLANG_CXX_LANGUAGE_STANDARD = "gnu++0x";
				CLANG_CXX_LIBRARY = "libc++";
				CLANG_ENABLE_MODULES = YES;
				CLANG_ENABLE_OBJC_ARC = YES;
				CLANG_WARN_BOOL_CONVERSION = YES;
				CLANG_WARN_CONSTANT_CONVERSION = YES;
				CLANG_WARN_DIRECT_OBJC_ISA_USAGE = YES_ERROR;
				CLANG_WARN_DOCUMENTATION_COMMENTS = YES;
				CLANG_WARN_EMPTY_BODY = YES;
				CLANG_WARN_ENUM_CONVERSION = YES;
				CLANG_WARN_INFINITE_RECURSION = YES;
				CLANG_WARN_INT_CONVERSION = YES;
				CLANG_WARN_OBJC_ROOT_CLASS = YES_ERROR;
				CLANG_WARN_SUSPICIOUS_MOVE = YES;
				CLANG_WARN_UNREACHABLE_CODE = YES;
				CLANG_WARN__DUPLICATE_METHOD_MATCH = YES;
				"CODE_SIGN_IDENTITY[sdk=iphoneos*]" = "iPhone Developer";
				COPY_PHASE_STRIP = NO;
				DEBUG_INFORMATION_FORMAT = "dwarf-with-dsym";
				ENABLE_NS_ASSERTIONS = NO;
				ENABLE_STRICT_OBJC_MSGSEND = YES;
				GCC_C_LANGUAGE_STANDARD = gnu99;
				GCC_NO_COMMON_BLOCKS = YES;
				GCC_WARN_64_TO_32_BIT_CONVERSION = YES;
				GCC_WARN_ABOUT_RETURN_TYPE = YES_ERROR;
				GCC_WARN_UNDECLARED_SELECTOR = YES;
				GCC_WARN_UNINITIALIZED_AUTOS = YES_AGGRESSIVE;
				GCC_WARN_UNUSED_FUNCTION = YES;
				GCC_WARN_UNUSED_VARIABLE = YES;
				IPHONEOS_DEPLOYMENT_TARGET = 10.2;
				MTL_ENABLE_DEBUG_INFO = NO;
				SDKROOT = iphoneos;
				SWIFT_OPTIMIZATION_LEVEL = "-Owholemodule";
				VALIDATE_PRODUCT = YES;
			};
			name = Release;
		};
		93B4AE3D1E016BAB00EE623C /* Debug */ = {
			isa = XCBuildConfiguration;
			buildSettings = {
				ASSETCATALOG_COMPILER_APPICON_NAME = AppIcon;
				INFOPLIST_FILE = TacoPOP/Info.plist;
				LD_RUNPATH_SEARCH_PATHS = "$(inherited) @executable_path/Frameworks";
				PRODUCT_BUNDLE_IDENTIFIER = com.marcbits.TacoPOP;
				PRODUCT_NAME = "$(TARGET_NAME)";
				SWIFT_VERSION = 3.0;
			};
			name = Debug;
		};
		93B4AE3E1E016BAB00EE623C /* Release */ = {
			isa = XCBuildConfiguration;
			buildSettings = {
				ASSETCATALOG_COMPILER_APPICON_NAME = AppIcon;
				INFOPLIST_FILE = TacoPOP/Info.plist;
				LD_RUNPATH_SEARCH_PATHS = "$(inherited) @executable_path/Frameworks";
				PRODUCT_BUNDLE_IDENTIFIER = com.marcbits.TacoPOP;
				PRODUCT_NAME = "$(TARGET_NAME)";
				SWIFT_VERSION = 3.0;
			};
			name = Release;
		};
		93B4AE401E016BAB00EE623C /* Debug */ = {
			isa = XCBuildConfiguration;
			buildSettings = {
				ALWAYS_EMBED_SWIFT_STANDARD_LIBRARIES = YES;
				BUNDLE_LOADER = "$(TEST_HOST)";
				INFOPLIST_FILE = TacoPOPTests/Info.plist;
				LD_RUNPATH_SEARCH_PATHS = "$(inherited) @executable_path/Frameworks @loader_path/Frameworks";
				PRODUCT_BUNDLE_IDENTIFIER = com.marcbits.TacoPOPTests;
				PRODUCT_NAME = "$(TARGET_NAME)";
				SWIFT_VERSION = 3.0;
				TEST_HOST = "$(BUILT_PRODUCTS_DIR)/TacoPOP.app/TacoPOP";
			};
			name = Debug;
		};
		93B4AE411E016BAB00EE623C /* Release */ = {
			isa = XCBuildConfiguration;
			buildSettings = {
				ALWAYS_EMBED_SWIFT_STANDARD_LIBRARIES = YES;
				BUNDLE_LOADER = "$(TEST_HOST)";
				INFOPLIST_FILE = TacoPOPTests/Info.plist;
				LD_RUNPATH_SEARCH_PATHS = "$(inherited) @executable_path/Frameworks @loader_path/Frameworks";
				PRODUCT_BUNDLE_IDENTIFIER = com.marcbits.TacoPOPTests;
				PRODUCT_NAME = "$(TARGET_NAME)";
				SWIFT_VERSION = 3.0;
				TEST_HOST = "$(BUILT_PRODUCTS_DIR)/TacoPOP.app/TacoPOP";
			};
			name = Release;
		};
/* End XCBuildConfiguration section */

/* Begin XCConfigurationList section */
		93B4AE1A1E016BAA00EE623C /* Build configuration list for PBXProject "TacoPOP" */ = {
			isa = XCConfigurationList;
			buildConfigurations = (
				93B4AE3A1E016BAB00EE623C /* Debug */,
				93B4AE3B1E016BAB00EE623C /* Release */,
			);
			defaultConfigurationIsVisible = 0;
			defaultConfigurationName = Release;
		};
		93B4AE3C1E016BAB00EE623C /* Build configuration list for PBXNativeTarget "TacoPOP" */ = {
			isa = XCConfigurationList;
			buildConfigurations = (
				93B4AE3D1E016BAB00EE623C /* Debug */,
				93B4AE3E1E016BAB00EE623C /* Release */,
			);
			defaultConfigurationIsVisible = 0;
		};
		93B4AE3F1E016BAB00EE623C /* Build configuration list for PBXNativeTarget "TacoPOPTests" */ = {
			isa = XCConfigurationList;
			buildConfigurations = (
				93B4AE401E016BAB00EE623C /* Debug */,
				93B4AE411E016BAB00EE623C /* Release */,
			);
			defaultConfigurationIsVisible = 0;
		};
/* End XCConfigurationList section */
	};
	rootObject = 93B4AE171E016BAA00EE623C /* Project object */;
}
